// !$*UTF8*$!
{
	archiveVersion = 1;
	classes = {
	};
	objectVersion = 55;
	objects = {

/* Begin PBXBuildFile section */
		2072911B27B55C29003110FC /* AppleDEXtoreApp.swift in Sources */ = {isa = PBXBuildFile; fileRef = 2072911A27B55C29003110FC /* AppleDEXtoreApp.swift */; };
		2072911D27B55C29003110FC /* ContentView.swift in Sources */ = {isa = PBXBuildFile; fileRef = 2072911C27B55C29003110FC /* ContentView.swift */; };
		2072911F27B55C2E003110FC /* Assets.xcassets in Resources */ = {isa = PBXBuildFile; fileRef = 2072911E27B55C2E003110FC /* Assets.xcassets */; };
		2072912227B55C2E003110FC /* Preview Assets.xcassets in Resources */ = {isa = PBXBuildFile; fileRef = 2072912127B55C2E003110FC /* Preview Assets.xcassets */; };
		2072912D27B56015003110FC /* CatalogModelServer.swift in Sources */ = {isa = PBXBuildFile; fileRef = 2072912C27B56015003110FC /* CatalogModelServer.swift */; };
		2072912F27B56023003110FC /* CatalogModelView.swift in Sources */ = {isa = PBXBuildFile; fileRef = 2072912E27B56023003110FC /* CatalogModelView.swift */; };
		2072913127B5602D003110FC /* CatalogView.swift in Sources */ = {isa = PBXBuildFile; fileRef = 2072913027B5602D003110FC /* CatalogView.swift */; };
		2072913327B56039003110FC /* CatalogViewModel.swift in Sources */ = {isa = PBXBuildFile; fileRef = 2072913227B56039003110FC /* CatalogViewModel.swift */; };
		2072913527B5604C003110FC /* catalog.json in Resources */ = {isa = PBXBuildFile; fileRef = 2072913427B5604C003110FC /* catalog.json */; };
		2072913827B563BB003110FC /* ProductView.swift in Sources */ = {isa = PBXBuildFile; fileRef = 2072913727B563BB003110FC /* ProductView.swift */; };
		2072913B27B6631A003110FC /* CartCapsule.swift in Sources */ = {isa = PBXBuildFile; fileRef = 2072913A27B66319003110FC /* CartCapsule.swift */; };
		69B1A48D27B57609007B619E /* ShoppingCart.swift in Sources */ = {isa = PBXBuildFile; fileRef = 69B1A48C27B57609007B619E /* ShoppingCart.swift */; };
/* End PBXBuildFile section */

/* Begin PBXFileReference section */
		2072911727B55C29003110FC /* AppleDEXtore.app */ = {isa = PBXFileReference; explicitFileType = wrapper.application; includeInIndex = 0; path = AppleDEXtore.app; sourceTree = BUILT_PRODUCTS_DIR; };
		2072911A27B55C29003110FC /* AppleDEXtoreApp.swift */ = {isa = PBXFileReference; lastKnownFileType = sourcecode.swift; path = AppleDEXtoreApp.swift; sourceTree = "<group>"; };
		2072911C27B55C29003110FC /* ContentView.swift */ = {isa = PBXFileReference; lastKnownFileType = sourcecode.swift; path = ContentView.swift; sourceTree = "<group>"; };
		2072911E27B55C2E003110FC /* Assets.xcassets */ = {isa = PBXFileReference; lastKnownFileType = folder.assetcatalog; path = Assets.xcassets; sourceTree = "<group>"; };
		2072912127B55C2E003110FC /* Preview Assets.xcassets */ = {isa = PBXFileReference; lastKnownFileType = folder.assetcatalog; path = "Preview Assets.xcassets"; sourceTree = "<group>"; };
		2072912C27B56015003110FC /* CatalogModelServer.swift */ = {isa = PBXFileReference; lastKnownFileType = sourcecode.swift; path = CatalogModelServer.swift; sourceTree = "<group>"; };
		2072912E27B56023003110FC /* CatalogModelView.swift */ = {isa = PBXFileReference; lastKnownFileType = sourcecode.swift; path = CatalogModelView.swift; sourceTree = "<group>"; };
		2072913027B5602D003110FC /* CatalogView.swift */ = {isa = PBXFileReference; lastKnownFileType = sourcecode.swift; path = CatalogView.swift; sourceTree = "<group>"; };
		2072913227B56039003110FC /* CatalogViewModel.swift */ = {isa = PBXFileReference; lastKnownFileType = sourcecode.swift; path = CatalogViewModel.swift; sourceTree = "<group>"; };
		2072913427B5604C003110FC /* catalog.json */ = {isa = PBXFileReference; lastKnownFileType = text.json; path = catalog.json; sourceTree = "<group>"; };
		2072913727B563BB003110FC /* ProductView.swift */ = {isa = PBXFileReference; lastKnownFileType = sourcecode.swift; path = ProductView.swift; sourceTree = "<group>"; };
		2072913A27B66319003110FC /* CartCapsule.swift */ = {isa = PBXFileReference; lastKnownFileType = sourcecode.swift; path = CartCapsule.swift; sourceTree = "<group>"; };
		69B1A48C27B57609007B619E /* ShoppingCart.swift */ = {isa = PBXFileReference; lastKnownFileType = sourcecode.swift; path = ShoppingCart.swift; sourceTree = "<group>"; };
/* End PBXFileReference section */

/* Begin PBXFrameworksBuildPhase section */
		2072911427B55C29003110FC /* Frameworks */ = {
			isa = PBXFrameworksBuildPhase;
			buildActionMask = 2147483647;
			files = (
			);
			runOnlyForDeploymentPostprocessing = 0;
		};
/* End PBXFrameworksBuildPhase section */

/* Begin PBXGroup section */
		2072910E27B55C29003110FC = {
			isa = PBXGroup;
			children = (
				2072911927B55C29003110FC /* AppleDEXtore */,
				2072911827B55C29003110FC /* Products */,
				69C3A6F427B67DD6003D240A /* Recovered References */,
			);
			sourceTree = "<group>";
		};
		2072911827B55C29003110FC /* Products */ = {
			isa = PBXGroup;
			children = (
				2072911727B55C29003110FC /* AppleDEXtore.app */,
			);
			name = Products;
			sourceTree = "<group>";
		};
		2072911927B55C29003110FC /* AppleDEXtore */ = {
			isa = PBXGroup;
			children = (
				2072913627B563AE003110FC /* Components */,
				2072912927B55FF9003110FC /* UseCases */,
				2072912827B55FF3003110FC /* JSON */,
				2072911A27B55C29003110FC /* AppleDEXtoreApp.swift */,
				2072911C27B55C29003110FC /* ContentView.swift */,
				2072911E27B55C2E003110FC /* Assets.xcassets */,
			);
			path = AppleDEXtore;
			sourceTree = "<group>";
		};
		2072912827B55FF3003110FC /* JSON */ = {
			isa = PBXGroup;
			children = (
				2072913427B5604C003110FC /* catalog.json */,
			);
			path = JSON;
			sourceTree = "<group>";
		};
		2072912927B55FF9003110FC /* UseCases */ = {
			isa = PBXGroup;
			children = (
				2072912A27B56000003110FC /* Catalog */,
				69C3A6EE27B6684D003D240A /* ShoppingCart */,
			);
			path = UseCases;
			sourceTree = "<group>";
		};
		2072912A27B56000003110FC /* Catalog */ = {
			isa = PBXGroup;
			children = (
				2072912B27B5600A003110FC /* Models */,
				2072913027B5602D003110FC /* CatalogView.swift */,
				2072913227B56039003110FC /* CatalogViewModel.swift */,
			);
			path = Catalog;
			sourceTree = "<group>";
		};
		2072912B27B5600A003110FC /* Models */ = {
			isa = PBXGroup;
			children = (
				2072912C27B56015003110FC /* CatalogModelServer.swift */,
				2072912E27B56023003110FC /* CatalogModelView.swift */,
			);
			path = Models;
			sourceTree = "<group>";
		};
		2072913627B563AE003110FC /* Components */ = {
			isa = PBXGroup;
			children = (
				2072913727B563BB003110FC /* ProductView.swift */,
				2072913A27B66319003110FC /* CartCapsule.swift */,
			);
			path = Components;
			sourceTree = "<group>";
		};
		69C3A6EE27B6684D003D240A /* ShoppingCart */ = {
			isa = PBXGroup;
			children = (
				69B1A48C27B57609007B619E /* ShoppingCart.swift */,
			);
			path = ShoppingCart;
			sourceTree = "<group>";
		};
		69C3A6F427B67DD6003D240A /* Recovered References */ = {
			isa = PBXGroup;
			children = (
				2072912127B55C2E003110FC /* Preview Assets.xcassets */,
			);
			name = "Recovered References";
			sourceTree = "<group>";
		};
/* End PBXGroup section */

/* Begin PBXNativeTarget section */
		2072911627B55C29003110FC /* AppleDEXtore */ = {
			isa = PBXNativeTarget;
			buildConfigurationList = 2072912527B55C2E003110FC /* Build configuration list for PBXNativeTarget "AppleDEXtore" */;
			buildPhases = (
				2072911327B55C29003110FC /* Sources */,
				2072911427B55C29003110FC /* Frameworks */,
				2072911527B55C29003110FC /* Resources */,
			);
			buildRules = (
			);
			dependencies = (
			);
			name = AppleDEXtore;
			productName = AppleDEXtore;
			productReference = 2072911727B55C29003110FC /* AppleDEXtore.app */;
			productType = "com.apple.product-type.application";
		};
/* End PBXNativeTarget section */

/* Begin PBXProject section */
		2072910F27B55C29003110FC /* Project object */ = {
			isa = PBXProject;
			attributes = {
				BuildIndependentTargetsInParallel = 1;
				LastSwiftUpdateCheck = 1310;
				LastUpgradeCheck = 1310;
				TargetAttributes = {
					2072911627B55C29003110FC = {
						CreatedOnToolsVersion = 13.1;
					};
				};
			};
			buildConfigurationList = 2072911227B55C29003110FC /* Build configuration list for PBXProject "AppleDEXtore" */;
			compatibilityVersion = "Xcode 13.0";
			developmentRegion = en;
			hasScannedForEncodings = 0;
			knownRegions = (
				en,
				Base,
			);
			mainGroup = 2072910E27B55C29003110FC;
			productRefGroup = 2072911827B55C29003110FC /* Products */;
			projectDirPath = "";
			projectRoot = "";
			targets = (
				2072911627B55C29003110FC /* AppleDEXtore */,
			);
		};
/* End PBXProject section */

/* Begin PBXResourcesBuildPhase section */
		2072911527B55C29003110FC /* Resources */ = {
			isa = PBXResourcesBuildPhase;
			buildActionMask = 2147483647;
			files = (
				2072912227B55C2E003110FC /* Preview Assets.xcassets in Resources */,
				2072913527B5604C003110FC /* catalog.json in Resources */,
				2072911F27B55C2E003110FC /* Assets.xcassets in Resources */,
			);
			runOnlyForDeploymentPostprocessing = 0;
		};
/* End PBXResourcesBuildPhase section */

/* Begin PBXSourcesBuildPhase section */
		2072911327B55C29003110FC /* Sources */ = {
			isa = PBXSourcesBuildPhase;
			buildActionMask = 2147483647;
			files = (
				2072912F27B56023003110FC /* CatalogModelView.swift in Sources */,
				2072911D27B55C29003110FC /* ContentView.swift in Sources */,
				2072913327B56039003110FC /* CatalogViewModel.swift in Sources */,
				2072913B27B6631A003110FC /* CartCapsule.swift in Sources */,
				2072912D27B56015003110FC /* CatalogModelServer.swift in Sources */,
				2072913827B563BB003110FC /* ProductView.swift in Sources */,
				69B1A48D27B57609007B619E /* ShoppingCart.swift in Sources */,
				2072911B27B55C29003110FC /* AppleDEXtoreApp.swift in Sources */,
				2072913127B5602D003110FC /* CatalogView.swift in Sources */,
			);
			runOnlyForDeploymentPostprocessing = 0;
		};
/* End PBXSourcesBuildPhase section */

/* Begin XCBuildConfiguration section */
		2072912327B55C2E003110FC /* Debug */ = {
			isa = XCBuildConfiguration;
			buildSettings = {
				ALWAYS_SEARCH_USER_PATHS = NO;
				CLANG_ANALYZER_NONNULL = YES;
				CLANG_ANALYZER_NUMBER_OBJECT_CONVERSION = YES_AGGRESSIVE;
				CLANG_CXX_LANGUAGE_STANDARD = "gnu++17";
				CLANG_CXX_LIBRARY = "libc++";
				CLANG_ENABLE_MODULES = YES;
				CLANG_ENABLE_OBJC_ARC = YES;
				CLANG_ENABLE_OBJC_WEAK = YES;
				CLANG_WARN_BLOCK_CAPTURE_AUTORELEASING = YES;
				CLANG_WARN_BOOL_CONVERSION = YES;
				CLANG_WARN_COMMA = YES;
				CLANG_WARN_CONSTANT_CONVERSION = YES;
				CLANG_WARN_DEPRECATED_OBJC_IMPLEMENTATIONS = YES;
				CLANG_WARN_DIRECT_OBJC_ISA_USAGE = YES_ERROR;
				CLANG_WARN_DOCUMENTATION_COMMENTS = YES;
				CLANG_WARN_EMPTY_BODY = YES;
				CLANG_WARN_ENUM_CONVERSION = YES;
				CLANG_WARN_INFINITE_RECURSION = YES;
				CLANG_WARN_INT_CONVERSION = YES;
				CLANG_WARN_NON_LITERAL_NULL_CONVERSION = YES;
				CLANG_WARN_OBJC_IMPLICIT_RETAIN_SELF = YES;
				CLANG_WARN_OBJC_LITERAL_CONVERSION = YES;
				CLANG_WARN_OBJC_ROOT_CLASS = YES_ERROR;
				CLANG_WARN_QUOTED_INCLUDE_IN_FRAMEWORK_HEADER = YES;
				CLANG_WARN_RANGE_LOOP_ANALYSIS = YES;
				CLANG_WARN_STRICT_PROTOTYPES = YES;
				CLANG_WARN_SUSPICIOUS_MOVE = YES;
				CLANG_WARN_UNGUARDED_AVAILABILITY = YES_AGGRESSIVE;
				CLANG_WARN_UNREACHABLE_CODE = YES;
				CLANG_WARN__DUPLICATE_METHOD_MATCH = YES;
				COPY_PHASE_STRIP = NO;
				DEBUG_INFORMATION_FORMAT = dwarf;
				ENABLE_STRICT_OBJC_MSGSEND = YES;
				ENABLE_TESTABILITY = YES;
				GCC_C_LANGUAGE_STANDARD = gnu11;
				GCC_DYNAMIC_NO_PIC = NO;
				GCC_NO_COMMON_BLOCKS = YES;
				GCC_OPTIMIZATION_LEVEL = 0;
				GCC_PREPROCESSOR_DEFINITIONS = (
					"DEBUG=1",
					"$(inherited)",
				);
				GCC_WARN_64_TO_32_BIT_CONVERSION = YES;
				GCC_WARN_ABOUT_RETURN_TYPE = YES_ERROR;
				GCC_WARN_UNDECLARED_SELECTOR = YES;
				GCC_WARN_UNINITIALIZED_AUTOS = YES_AGGRESSIVE;
				GCC_WARN_UNUSED_FUNCTION = YES;
				GCC_WARN_UNUSED_VARIABLE = YES;
				IPHONEOS_DEPLOYMENT_TARGET = 15.0;
				MTL_ENABLE_DEBUG_INFO = INCLUDE_SOURCE;
				MTL_FAST_MATH = YES;
				ONLY_ACTIVE_ARCH = YES;
				SDKROOT = iphoneos;
				SWIFT_ACTIVE_COMPILATION_CONDITIONS = DEBUG;
				SWIFT_OPTIMIZATION_LEVEL = "-Onone";
			};
			name = Debug;
		};
		2072912427B55C2E003110FC /* Release */ = {
			isa = XCBuildConfiguration;
			buildSettings = {
				ALWAYS_SEARCH_USER_PATHS = NO;
				CLANG_ANALYZER_NONNULL = YES;
				CLANG_ANALYZER_NUMBER_OBJECT_CONVERSION = YES_AGGRESSIVE;
				CLANG_CXX_LANGUAGE_STANDARD = "gnu++17";
				CLANG_CXX_LIBRARY = "libc++";
				CLANG_ENABLE_MODULES = YES;
				CLANG_ENABLE_OBJC_ARC = YES;
				CLANG_ENABLE_OBJC_WEAK = YES;
				CLANG_WARN_BLOCK_CAPTURE_AUTORELEASING = YES;
				CLANG_WARN_BOOL_CONVERSION = YES;
				CLANG_WARN_COMMA = YES;
				CLANG_WARN_CONSTANT_CONVERSION = YES;
				CLANG_WARN_DEPRECATED_OBJC_IMPLEMENTATIONS = YES;
				CLANG_WARN_DIRECT_OBJC_ISA_USAGE = YES_ERROR;
				CLANG_WARN_DOCUMENTATION_COMMENTS = YES;
				CLANG_WARN_EMPTY_BODY = YES;
				CLANG_WARN_ENUM_CONVERSION = YES;
				CLANG_WARN_INFINITE_RECURSION = YES;
				CLANG_WARN_INT_CONVERSION = YES;
				CLANG_WARN_NON_LITERAL_NULL_CONVERSION = YES;
				CLANG_WARN_OBJC_IMPLICIT_RETAIN_SELF = YES;
				CLANG_WARN_OBJC_LITERAL_CONVERSION = YES;
				CLANG_WARN_OBJC_ROOT_CLASS = YES_ERROR;
				CLANG_WARN_QUOTED_INCLUDE_IN_FRAMEWORK_HEADER = YES;
				CLANG_WARN_RANGE_LOOP_ANALYSIS = YES;
				CLANG_WARN_STRICT_PROTOTYPES = YES;
				CLANG_WARN_SUSPICIOUS_MOVE = YES;
				CLANG_WARN_UNGUARDED_AVAILABILITY = YES_AGGRESSIVE;
				CLANG_WARN_UNREACHABLE_CODE = YES;
				CLANG_WARN__DUPLICATE_METHOD_MATCH = YES;
				COPY_PHASE_STRIP = NO;
				DEBUG_INFORMATION_FORMAT = "dwarf-with-dsym";
				ENABLE_NS_ASSERTIONS = NO;
				ENABLE_STRICT_OBJC_MSGSEND = YES;
				GCC_C_LANGUAGE_STANDARD = gnu11;
				GCC_NO_COMMON_BLOCKS = YES;
				GCC_WARN_64_TO_32_BIT_CONVERSION = YES;
				GCC_WARN_ABOUT_RETURN_TYPE = YES_ERROR;
				GCC_WARN_UNDECLARED_SELECTOR = YES;
				GCC_WARN_UNINITIALIZED_AUTOS = YES_AGGRESSIVE;
				GCC_WARN_UNUSED_FUNCTION = YES;
				GCC_WARN_UNUSED_VARIABLE = YES;
				IPHONEOS_DEPLOYMENT_TARGET = 15.0;
				MTL_ENABLE_DEBUG_INFO = NO;
				MTL_FAST_MATH = YES;
				SDKROOT = iphoneos;
				SWIFT_COMPILATION_MODE = wholemodule;
				SWIFT_OPTIMIZATION_LEVEL = "-O";
				VALIDATE_PRODUCT = YES;
			};
			name = Release;
		};
		2072912627B55C2E003110FC /* Debug */ = {
			isa = XCBuildConfiguration;
			buildSettings = {
				ASSETCATALOG_COMPILER_APPICON_NAME = AppIcon;
				ASSETCATALOG_COMPILER_GLOBAL_ACCENT_COLOR_NAME = AccentColor;
				CODE_SIGN_STYLE = Automatic;
				CURRENT_PROJECT_VERSION = 1;
				ENABLE_PREVIEWS = YES;
				GENERATE_INFOPLIST_FILE = YES;
				INFOPLIST_KEY_UIApplicationSceneManifest_Generation = YES;
				INFOPLIST_KEY_UIApplicationSupportsIndirectInputEvents = YES;
				INFOPLIST_KEY_UILaunchScreen_Generation = YES;
				INFOPLIST_KEY_UISupportedInterfaceOrientations_iPad = "UIInterfaceOrientationPortrait UIInterfaceOrientationPortraitUpsideDown UIInterfaceOrientationLandscapeLeft UIInterfaceOrientationLandscapeRight";
				INFOPLIST_KEY_UISupportedInterfaceOrientations_iPhone = "UIInterfaceOrientationPortrait UIInterfaceOrientationLandscapeLeft UIInterfaceOrientationLandscapeRight";
				LD_RUNPATH_SEARCH_PATHS = (
					"$(inherited)",
					"@executable_path/Frameworks",
				);
				MARKETING_VERSION = 1.0;
				PRODUCT_BUNDLE_IDENTIFIER = com.david.iOS.AppleDEXtore;
				PRODUCT_NAME = "$(TARGET_NAME)";
				SWIFT_EMIT_LOC_STRINGS = YES;
				SWIFT_VERSION = 5.0;
				TARGETED_DEVICE_FAMILY = "1,2";
			};
			name = Debug;
		};
		2072912727B55C2E003110FC /* Release */ = {
			isa = XCBuildConfiguration;
			buildSettings = {
				ASSETCATALOG_COMPILER_APPICON_NAME = AppIcon;
				ASSETCATALOG_COMPILER_GLOBAL_ACCENT_COLOR_NAME = AccentColor;
				CODE_SIGN_STYLE = Automatic;
				CURRENT_PROJECT_VERSION = 1;
				ENABLE_PREVIEWS = YES;
				GENERATE_INFOPLIST_FILE = YES;
				INFOPLIST_KEY_UIApplicationSceneManifest_Generation = YES;
				INFOPLIST_KEY_UIApplicationSupportsIndirectInputEvents = YES;
				INFOPLIST_KEY_UILaunchScreen_Generation = YES;
				INFOPLIST_KEY_UISupportedInterfaceOrientations_iPad = "UIInterfaceOrientationPortrait UIInterfaceOrientationPortraitUpsideDown UIInterfaceOrientationLandscapeLeft UIInterfaceOrientationLandscapeRight";
				INFOPLIST_KEY_UISupportedInterfaceOrientations_iPhone = "UIInterfaceOrientationPortrait UIInterfaceOrientationLandscapeLeft UIInterfaceOrientationLandscapeRight";
				LD_RUNPATH_SEARCH_PATHS = (
					"$(inherited)",
					"@executable_path/Frameworks",
				);
				MARKETING_VERSION = 1.0;
				PRODUCT_BUNDLE_IDENTIFIER = com.david.iOS.AppleDEXtore;
				PRODUCT_NAME = "$(TARGET_NAME)";
				SWIFT_EMIT_LOC_STRINGS = YES;
				SWIFT_VERSION = 5.0;
				TARGETED_DEVICE_FAMILY = "1,2";
			};
			name = Release;
		};
/* End XCBuildConfiguration section */

/* Begin XCConfigurationList section */
		2072911227B55C29003110FC /* Build configuration list for PBXProject "AppleDEXtore" */ = {
			isa = XCConfigurationList;
			buildConfigurations = (
				2072912327B55C2E003110FC /* Debug */,
				2072912427B55C2E003110FC /* Release */,
			);
			defaultConfigurationIsVisible = 0;
			defaultConfigurationName = Release;
		};
		2072912527B55C2E003110FC /* Build configuration list for PBXNativeTarget "AppleDEXtore" */ = {
			isa = XCConfigurationList;
			buildConfigurations = (
				2072912627B55C2E003110FC /* Debug */,
				2072912727B55C2E003110FC /* Release */,
			);
			defaultConfigurationIsVisible = 0;
			defaultConfigurationName = Release;
		};
/* End XCConfigurationList section */
	};
	rootObject = 2072910F27B55C29003110FC /* Project object */;
}
